// !$*UTF8*$!
{
	archiveVersion = 1;
	classes = {
	};
	objectVersion = 56;
	objects = {

/* Begin PBXBuildFile section */
		5B651A9F2937290500198C58 /* GlowBorder.swift in Sources */ = {isa = PBXBuildFile; fileRef = 5B651A9E2937290500198C58 /* GlowBorder.swift */; };
		5BB286AB292ED3EF0003E39B /* poop_counterApp.swift in Sources */ = {isa = PBXBuildFile; fileRef = 5BB286AA292ED3EF0003E39B /* poop_counterApp.swift */; };
		5BB286AD292ED3EF0003E39B /* ContentView.swift in Sources */ = {isa = PBXBuildFile; fileRef = 5BB286AC292ED3EF0003E39B /* ContentView.swift */; };
		5BB286AF292ED3F60003E39B /* Assets.xcassets in Resources */ = {isa = PBXBuildFile; fileRef = 5BB286AE292ED3F60003E39B /* Assets.xcassets */; };
		5BB286B2292ED3F60003E39B /* Preview Assets.xcassets in Resources */ = {isa = PBXBuildFile; fileRef = 5BB286B1292ED3F60003E39B /* Preview Assets.xcassets */; };
		5BB286BC292ED3F60003E39B /* poop_counterTests.swift in Sources */ = {isa = PBXBuildFile; fileRef = 5BB286BB292ED3F60003E39B /* poop_counterTests.swift */; };
		5BB286C6292ED3F60003E39B /* poop_counterUITests.swift in Sources */ = {isa = PBXBuildFile; fileRef = 5BB286C5292ED3F60003E39B /* poop_counterUITests.swift */; };
		5BB286C8292ED3F60003E39B /* poop_counterUITestsLaunchTests.swift in Sources */ = {isa = PBXBuildFile; fileRef = 5BB286C7292ED3F60003E39B /* poop_counterUITestsLaunchTests.swift */; };
		5BB286D5292F07110003E39B /* StatsView.swift in Sources */ = {isa = PBXBuildFile; fileRef = 5BB286D4292F07110003E39B /* StatsView.swift */; };
		5BB286D7292F07310003E39B /* CalendarView.swift in Sources */ = {isa = PBXBuildFile; fileRef = 5BB286D6292F07310003E39B /* CalendarView.swift */; };
/* End PBXBuildFile section */

/* Begin PBXContainerItemProxy section */
		5BB286B8292ED3F60003E39B /* PBXContainerItemProxy */ = {
			isa = PBXContainerItemProxy;
			containerPortal = 5BB2869F292ED3EF0003E39B /* Project object */;
			proxyType = 1;
			remoteGlobalIDString = 5BB286A6292ED3EF0003E39B;
			remoteInfo = "poop-counter";
		};
		5BB286C2292ED3F60003E39B /* PBXContainerItemProxy */ = {
			isa = PBXContainerItemProxy;
			containerPortal = 5BB2869F292ED3EF0003E39B /* Project object */;
			proxyType = 1;
			remoteGlobalIDString = 5BB286A6292ED3EF0003E39B;
			remoteInfo = "poop-counter";
		};
/* End PBXContainerItemProxy section */

/* Begin PBXFileReference section */
		5B651A9E2937290500198C58 /* GlowBorder.swift */ = {isa = PBXFileReference; lastKnownFileType = sourcecode.swift; path = GlowBorder.swift; sourceTree = "<group>"; };
		5BB286A7292ED3EF0003E39B /* poop-counter.app */ = {isa = PBXFileReference; explicitFileType = wrapper.application; includeInIndex = 0; path = "poop-counter.app"; sourceTree = BUILT_PRODUCTS_DIR; };
		5BB286AA292ED3EF0003E39B /* poop_counterApp.swift */ = {isa = PBXFileReference; lastKnownFileType = sourcecode.swift; path = poop_counterApp.swift; sourceTree = "<group>"; };
		5BB286AC292ED3EF0003E39B /* ContentView.swift */ = {isa = PBXFileReference; lastKnownFileType = sourcecode.swift; path = ContentView.swift; sourceTree = "<group>"; };
		5BB286AE292ED3F60003E39B /* Assets.xcassets */ = {isa = PBXFileReference; lastKnownFileType = folder.assetcatalog; path = Assets.xcassets; sourceTree = "<group>"; };
		5BB286B1292ED3F60003E39B /* Preview Assets.xcassets */ = {isa = PBXFileReference; lastKnownFileType = folder.assetcatalog; path = "Preview Assets.xcassets"; sourceTree = "<group>"; };
		5BB286B7292ED3F60003E39B /* poop-counterTests.xctest */ = {isa = PBXFileReference; explicitFileType = wrapper.cfbundle; includeInIndex = 0; path = "poop-counterTests.xctest"; sourceTree = BUILT_PRODUCTS_DIR; };
		5BB286BB292ED3F60003E39B /* poop_counterTests.swift */ = {isa = PBXFileReference; lastKnownFileType = sourcecode.swift; path = poop_counterTests.swift; sourceTree = "<group>"; };
		5BB286C1292ED3F60003E39B /* poop-counterUITests.xctest */ = {isa = PBXFileReference; explicitFileType = wrapper.cfbundle; includeInIndex = 0; path = "poop-counterUITests.xctest"; sourceTree = BUILT_PRODUCTS_DIR; };
		5BB286C5292ED3F60003E39B /* poop_counterUITests.swift */ = {isa = PBXFileReference; lastKnownFileType = sourcecode.swift; path = poop_counterUITests.swift; sourceTree = "<group>"; };
		5BB286C7292ED3F60003E39B /* poop_counterUITestsLaunchTests.swift */ = {isa = PBXFileReference; lastKnownFileType = sourcecode.swift; path = poop_counterUITestsLaunchTests.swift; sourceTree = "<group>"; };
		5BB286D4292F07110003E39B /* StatsView.swift */ = {isa = PBXFileReference; lastKnownFileType = sourcecode.swift; path = StatsView.swift; sourceTree = "<group>"; };
		5BB286D6292F07310003E39B /* CalendarView.swift */ = {isa = PBXFileReference; lastKnownFileType = sourcecode.swift; path = CalendarView.swift; sourceTree = "<group>"; };
/* End PBXFileReference section */

/* Begin PBXFrameworksBuildPhase section */
		5BB286A4292ED3EF0003E39B /* Frameworks */ = {
			isa = PBXFrameworksBuildPhase;
			buildActionMask = 2147483647;
			files = (
			);
			runOnlyForDeploymentPostprocessing = 0;
		};
		5BB286B4292ED3F60003E39B /* Frameworks */ = {
			isa = PBXFrameworksBuildPhase;
			buildActionMask = 2147483647;
			files = (
			);
			runOnlyForDeploymentPostprocessing = 0;
		};
		5BB286BE292ED3F60003E39B /* Frameworks */ = {
			isa = PBXFrameworksBuildPhase;
			buildActionMask = 2147483647;
			files = (
			);
			runOnlyForDeploymentPostprocessing = 0;
		};
/* End PBXFrameworksBuildPhase section */

/* Begin PBXGroup section */
		5BB2869E292ED3EF0003E39B = {
			isa = PBXGroup;
			children = (
				5BB286A9292ED3EF0003E39B /* poop-counter */,
				5BB286BA292ED3F60003E39B /* poop-counterTests */,
				5BB286C4292ED3F60003E39B /* poop-counterUITests */,
				5BB286A8292ED3EF0003E39B /* Products */,
			);
			sourceTree = "<group>";
		};
		5BB286A8292ED3EF0003E39B /* Products */ = {
			isa = PBXGroup;
			children = (
				5BB286A7292ED3EF0003E39B /* poop-counter.app */,
				5BB286B7292ED3F60003E39B /* poop-counterTests.xctest */,
				5BB286C1292ED3F60003E39B /* poop-counterUITests.xctest */,
			);
			name = Products;
			sourceTree = "<group>";
		};
		5BB286A9292ED3EF0003E39B /* poop-counter */ = {
			isa = PBXGroup;
			children = (
				5BB286AA292ED3EF0003E39B /* poop_counterApp.swift */,
				5BB286AC292ED3EF0003E39B /* ContentView.swift */,
				5BB286D6292F07310003E39B /* CalendarView.swift */,
				5BB286D4292F07110003E39B /* StatsView.swift */,
				5B651A9E2937290500198C58 /* GlowBorder.swift */,
				5BB286AE292ED3F60003E39B /* Assets.xcassets */,
				5BB286B0292ED3F60003E39B /* Preview Content */,
			);
			path = "poop-counter";
			sourceTree = "<group>";
		};
		5BB286B0292ED3F60003E39B /* Preview Content */ = {
			isa = PBXGroup;
			children = (
				5BB286B1292ED3F60003E39B /* Preview Assets.xcassets */,
			);
			path = "Preview Content";
			sourceTree = "<group>";
		};
		5BB286BA292ED3F60003E39B /* poop-counterTests */ = {
			isa = PBXGroup;
			children = (
				5BB286BB292ED3F60003E39B /* poop_counterTests.swift */,
			);
			path = "poop-counterTests";
			sourceTree = "<group>";
		};
		5BB286C4292ED3F60003E39B /* poop-counterUITests */ = {
			isa = PBXGroup;
			children = (
				5BB286C5292ED3F60003E39B /* poop_counterUITests.swift */,
				5BB286C7292ED3F60003E39B /* poop_counterUITestsLaunchTests.swift */,
			);
			path = "poop-counterUITests";
			sourceTree = "<group>";
		};
/* End PBXGroup section */

/* Begin PBXNativeTarget section */
		5BB286A6292ED3EF0003E39B /* poop-counter */ = {
			isa = PBXNativeTarget;
			buildConfigurationList = 5BB286CB292ED3F60003E39B /* Build configuration list for PBXNativeTarget "poop-counter" */;
			buildPhases = (
				5BB286A3292ED3EF0003E39B /* Sources */,
				5BB286A4292ED3EF0003E39B /* Frameworks */,
				5BB286A5292ED3EF0003E39B /* Resources */,
			);
			buildRules = (
			);
			dependencies = (
			);
			name = "poop-counter";
			productName = "poop-counter";
			productReference = 5BB286A7292ED3EF0003E39B /* poop-counter.app */;
			productType = "com.apple.product-type.application";
		};
		5BB286B6292ED3F60003E39B /* poop-counterTests */ = {
			isa = PBXNativeTarget;
			buildConfigurationList = 5BB286CE292ED3F60003E39B /* Build configuration list for PBXNativeTarget "poop-counterTests" */;
			buildPhases = (
				5BB286B3292ED3F60003E39B /* Sources */,
				5BB286B4292ED3F60003E39B /* Frameworks */,
				5BB286B5292ED3F60003E39B /* Resources */,
			);
			buildRules = (
			);
			dependencies = (
				5BB286B9292ED3F60003E39B /* PBXTargetDependency */,
			);
			name = "poop-counterTests";
			productName = "poop-counterTests";
			productReference = 5BB286B7292ED3F60003E39B /* poop-counterTests.xctest */;
			productType = "com.apple.product-type.bundle.unit-test";
		};
		5BB286C0292ED3F60003E39B /* poop-counterUITests */ = {
			isa = PBXNativeTarget;
			buildConfigurationList = 5BB286D1292ED3F60003E39B /* Build configuration list for PBXNativeTarget "poop-counterUITests" */;
			buildPhases = (
				5BB286BD292ED3F60003E39B /* Sources */,
				5BB286BE292ED3F60003E39B /* Frameworks */,
				5BB286BF292ED3F60003E39B /* Resources */,
			);
			buildRules = (
			);
			dependencies = (
				5BB286C3292ED3F60003E39B /* PBXTargetDependency */,
			);
			name = "poop-counterUITests";
			productName = "poop-counterUITests";
			productReference = 5BB286C1292ED3F60003E39B /* poop-counterUITests.xctest */;
			productType = "com.apple.product-type.bundle.ui-testing";
		};
/* End PBXNativeTarget section */

/* Begin PBXProject section */
		5BB2869F292ED3EF0003E39B /* Project object */ = {
			isa = PBXProject;
			attributes = {
				BuildIndependentTargetsInParallel = 1;
				LastSwiftUpdateCheck = 1410;
				LastUpgradeCheck = 1410;
				TargetAttributes = {
					5BB286A6292ED3EF0003E39B = {
						CreatedOnToolsVersion = 14.1;
					};
					5BB286B6292ED3F60003E39B = {
						CreatedOnToolsVersion = 14.1;
						TestTargetID = 5BB286A6292ED3EF0003E39B;
					};
					5BB286C0292ED3F60003E39B = {
						CreatedOnToolsVersion = 14.1;
						TestTargetID = 5BB286A6292ED3EF0003E39B;
					};
				};
			};
			buildConfigurationList = 5BB286A2292ED3EF0003E39B /* Build configuration list for PBXProject "poop-counter" */;
			compatibilityVersion = "Xcode 14.0";
			developmentRegion = en;
			hasScannedForEncodings = 0;
			knownRegions = (
				en,
				Base,
			);
			mainGroup = 5BB2869E292ED3EF0003E39B;
			productRefGroup = 5BB286A8292ED3EF0003E39B /* Products */;
			projectDirPath = "";
			projectRoot = "";
			targets = (
				5BB286A6292ED3EF0003E39B /* poop-counter */,
				5BB286B6292ED3F60003E39B /* poop-counterTests */,
				5BB286C0292ED3F60003E39B /* poop-counterUITests */,
			);
		};
/* End PBXProject section */

/* Begin PBXResourcesBuildPhase section */
		5BB286A5292ED3EF0003E39B /* Resources */ = {
			isa = PBXResourcesBuildPhase;
			buildActionMask = 2147483647;
			files = (
				5BB286B2292ED3F60003E39B /* Preview Assets.xcassets in Resources */,
				5BB286AF292ED3F60003E39B /* Assets.xcassets in Resources */,
			);
			runOnlyForDeploymentPostprocessing = 0;
		};
		5BB286B5292ED3F60003E39B /* Resources */ = {
			isa = PBXResourcesBuildPhase;
			buildActionMask = 2147483647;
			files = (
			);
			runOnlyForDeploymentPostprocessing = 0;
		};
		5BB286BF292ED3F60003E39B /* Resources */ = {
			isa = PBXResourcesBuildPhase;
			buildActionMask = 2147483647;
			files = (
			);
			runOnlyForDeploymentPostprocessing = 0;
		};
/* End PBXResourcesBuildPhase section */

/* Begin PBXSourcesBuildPhase section */
		5BB286A3292ED3EF0003E39B /* Sources */ = {
			isa = PBXSourcesBuildPhase;
			buildActionMask = 2147483647;
			files = (
				5BB286AD292ED3EF0003E39B /* ContentView.swift in Sources */,
				5BB286AB292ED3EF0003E39B /* poop_counterApp.swift in Sources */,
				5B651A9F2937290500198C58 /* GlowBorder.swift in Sources */,
				5BB286D7292F07310003E39B /* CalendarView.swift in Sources */,
				5BB286D5292F07110003E39B /* StatsView.swift in Sources */,
			);
			runOnlyForDeploymentPostprocessing = 0;
		};
		5BB286B3292ED3F60003E39B /* Sources */ = {
			isa = PBXSourcesBuildPhase;
			buildActionMask = 2147483647;
			files = (
				5BB286BC292ED3F60003E39B /* poop_counterTests.swift in Sources */,
			);
			runOnlyForDeploymentPostprocessing = 0;
		};
		5BB286BD292ED3F60003E39B /* Sources */ = {
			isa = PBXSourcesBuildPhase;
			buildActionMask = 2147483647;
			files = (
				5BB286C6292ED3F60003E39B /* poop_counterUITests.swift in Sources */,
				5BB286C8292ED3F60003E39B /* poop_counterUITestsLaunchTests.swift in Sources */,
			);
			runOnlyForDeploymentPostprocessing = 0;
		};
/* End PBXSourcesBuildPhase section */

/* Begin PBXTargetDependency section */
		5BB286B9292ED3F60003E39B /* PBXTargetDependency */ = {
			isa = PBXTargetDependency;
			target = 5BB286A6292ED3EF0003E39B /* poop-counter */;
			targetProxy = 5BB286B8292ED3F60003E39B /* PBXContainerItemProxy */;
		};
		5BB286C3292ED3F60003E39B /* PBXTargetDependency */ = {
			isa = PBXTargetDependency;
			target = 5BB286A6292ED3EF0003E39B /* poop-counter */;
			targetProxy = 5BB286C2292ED3F60003E39B /* PBXContainerItemProxy */;
		};
/* End PBXTargetDependency section */

/* Begin XCBuildConfiguration section */
		5BB286C9292ED3F60003E39B /* Debug */ = {
			isa = XCBuildConfiguration;
			buildSettings = {
				ALWAYS_SEARCH_USER_PATHS = NO;
				CLANG_ANALYZER_NONNULL = YES;
				CLANG_ANALYZER_NUMBER_OBJECT_CONVERSION = YES_AGGRESSIVE;
				CLANG_CXX_LANGUAGE_STANDARD = "gnu++20";
				CLANG_ENABLE_MODULES = YES;
				CLANG_ENABLE_OBJC_ARC = YES;
				CLANG_ENABLE_OBJC_WEAK = YES;
				CLANG_WARN_BLOCK_CAPTURE_AUTORELEASING = YES;
				CLANG_WARN_BOOL_CONVERSION = YES;
				CLANG_WARN_COMMA = YES;
				CLANG_WARN_CONSTANT_CONVERSION = YES;
				CLANG_WARN_DEPRECATED_OBJC_IMPLEMENTATIONS = YES;
				CLANG_WARN_DIRECT_OBJC_ISA_USAGE = YES_ERROR;
				CLANG_WARN_DOCUMENTATION_COMMENTS = YES;
				CLANG_WARN_EMPTY_BODY = YES;
				CLANG_WARN_ENUM_CONVERSION = YES;
				CLANG_WARN_INFINITE_RECURSION = YES;
				CLANG_WARN_INT_CONVERSION = YES;
				CLANG_WARN_NON_LITERAL_NULL_CONVERSION = YES;
				CLANG_WARN_OBJC_IMPLICIT_RETAIN_SELF = YES;
				CLANG_WARN_OBJC_LITERAL_CONVERSION = YES;
				CLANG_WARN_OBJC_ROOT_CLASS = YES_ERROR;
				CLANG_WARN_QUOTED_INCLUDE_IN_FRAMEWORK_HEADER = YES;
				CLANG_WARN_RANGE_LOOP_ANALYSIS = YES;
				CLANG_WARN_STRICT_PROTOTYPES = YES;
				CLANG_WARN_SUSPICIOUS_MOVE = YES;
				CLANG_WARN_UNGUARDED_AVAILABILITY = YES_AGGRESSIVE;
				CLANG_WARN_UNREACHABLE_CODE = YES;
				CLANG_WARN__DUPLICATE_METHOD_MATCH = YES;
				COPY_PHASE_STRIP = NO;
				DEBUG_INFORMATION_FORMAT = dwarf;
				ENABLE_STRICT_OBJC_MSGSEND = YES;
				ENABLE_TESTABILITY = YES;
				GCC_C_LANGUAGE_STANDARD = gnu11;
				GCC_DYNAMIC_NO_PIC = NO;
				GCC_NO_COMMON_BLOCKS = YES;
				GCC_OPTIMIZATION_LEVEL = 0;
				GCC_PREPROCESSOR_DEFINITIONS = (
					"DEBUG=1",
					"$(inherited)",
				);
				GCC_WARN_64_TO_32_BIT_CONVERSION = YES;
				GCC_WARN_ABOUT_RETURN_TYPE = YES_ERROR;
				GCC_WARN_UNDECLARED_SELECTOR = YES;
				GCC_WARN_UNINITIALIZED_AUTOS = YES_AGGRESSIVE;
				GCC_WARN_UNUSED_FUNCTION = YES;
				GCC_WARN_UNUSED_VARIABLE = YES;
				IPHONEOS_DEPLOYMENT_TARGET = 16.1;
				MTL_ENABLE_DEBUG_INFO = INCLUDE_SOURCE;
				MTL_FAST_MATH = YES;
				ONLY_ACTIVE_ARCH = YES;
				SDKROOT = iphoneos;
				SWIFT_ACTIVE_COMPILATION_CONDITIONS = DEBUG;
				SWIFT_OPTIMIZATION_LEVEL = "-Onone";
			};
			name = Debug;
		};
		5BB286CA292ED3F60003E39B /* Release */ = {
			isa = XCBuildConfiguration;
			buildSettings = {
				ALWAYS_SEARCH_USER_PATHS = NO;
				CLANG_ANALYZER_NONNULL = YES;
				CLANG_ANALYZER_NUMBER_OBJECT_CONVERSION = YES_AGGRESSIVE;
				CLANG_CXX_LANGUAGE_STANDARD = "gnu++20";
				CLANG_ENABLE_MODULES = YES;
				CLANG_ENABLE_OBJC_ARC = YES;
				CLANG_ENABLE_OBJC_WEAK = YES;
				CLANG_WARN_BLOCK_CAPTURE_AUTORELEASING = YES;
				CLANG_WARN_BOOL_CONVERSION = YES;
				CLANG_WARN_COMMA = YES;
				CLANG_WARN_CONSTANT_CONVERSION = YES;
				CLANG_WARN_DEPRECATED_OBJC_IMPLEMENTATIONS = YES;
				CLANG_WARN_DIRECT_OBJC_ISA_USAGE = YES_ERROR;
				CLANG_WARN_DOCUMENTATION_COMMENTS = YES;
				CLANG_WARN_EMPTY_BODY = YES;
				CLANG_WARN_ENUM_CONVERSION = YES;
				CLANG_WARN_INFINITE_RECURSION = YES;
				CLANG_WARN_INT_CONVERSION = YES;
				CLANG_WARN_NON_LITERAL_NULL_CONVERSION = YES;
				CLANG_WARN_OBJC_IMPLICIT_RETAIN_SELF = YES;
				CLANG_WARN_OBJC_LITERAL_CONVERSION = YES;
				CLANG_WARN_OBJC_ROOT_CLASS = YES_ERROR;
				CLANG_WARN_QUOTED_INCLUDE_IN_FRAMEWORK_HEADER = YES;
				CLANG_WARN_RANGE_LOOP_ANALYSIS = YES;
				CLANG_WARN_STRICT_PROTOTYPES = YES;
				CLANG_WARN_SUSPICIOUS_MOVE = YES;
				CLANG_WARN_UNGUARDED_AVAILABILITY = YES_AGGRESSIVE;
				CLANG_WARN_UNREACHABLE_CODE = YES;
				CLANG_WARN__DUPLICATE_METHOD_MATCH = YES;
				COPY_PHASE_STRIP = NO;
				DEBUG_INFORMATION_FORMAT = "dwarf-with-dsym";
				ENABLE_NS_ASSERTIONS = NO;
				ENABLE_STRICT_OBJC_MSGSEND = YES;
				GCC_C_LANGUAGE_STANDARD = gnu11;
				GCC_NO_COMMON_BLOCKS = YES;
				GCC_WARN_64_TO_32_BIT_CONVERSION = YES;
				GCC_WARN_ABOUT_RETURN_TYPE = YES_ERROR;
				GCC_WARN_UNDECLARED_SELECTOR = YES;
				GCC_WARN_UNINITIALIZED_AUTOS = YES_AGGRESSIVE;
				GCC_WARN_UNUSED_FUNCTION = YES;
				GCC_WARN_UNUSED_VARIABLE = YES;
				IPHONEOS_DEPLOYMENT_TARGET = 16.1;
				MTL_ENABLE_DEBUG_INFO = NO;
				MTL_FAST_MATH = YES;
				SDKROOT = iphoneos;
				SWIFT_COMPILATION_MODE = wholemodule;
				SWIFT_OPTIMIZATION_LEVEL = "-O";
				VALIDATE_PRODUCT = YES;
			};
			name = Release;
		};
		5BB286CC292ED3F60003E39B /* Debug */ = {
			isa = XCBuildConfiguration;
			buildSettings = {
				ASSETCATALOG_COMPILER_APPICON_NAME = AppIcon;
				ASSETCATALOG_COMPILER_GLOBAL_ACCENT_COLOR_NAME = AccentColor;
				CODE_SIGN_STYLE = Automatic;
				CURRENT_PROJECT_VERSION = 1;
				DEVELOPMENT_ASSET_PATHS = "\"poop-counter/Preview Content\"";
				ENABLE_PREVIEWS = YES;
				GENERATE_INFOPLIST_FILE = YES;
				INFOPLIST_KEY_UIApplicationSceneManifest_Generation = YES;
				INFOPLIST_KEY_UIApplicationSupportsIndirectInputEvents = YES;
				INFOPLIST_KEY_UILaunchScreen_Generation = YES;
				INFOPLIST_KEY_UISupportedInterfaceOrientations_iPad = "UIInterfaceOrientationPortrait UIInterfaceOrientationPortraitUpsideDown UIInterfaceOrientationLandscapeLeft UIInterfaceOrientationLandscapeRight";
				INFOPLIST_KEY_UISupportedInterfaceOrientations_iPhone = "UIInterfaceOrientationPortrait UIInterfaceOrientationLandscapeLeft UIInterfaceOrientationLandscapeRight";
				LD_RUNPATH_SEARCH_PATHS = (
					"$(inherited)",
					"@executable_path/Frameworks",
				);
				MARKETING_VERSION = 1.0;
				PRODUCT_BUNDLE_IDENTIFIER = "ken.poop-counter";
				PRODUCT_NAME = "$(TARGET_NAME)";
				SWIFT_EMIT_LOC_STRINGS = YES;
				SWIFT_VERSION = 5.0;
				TARGETED_DEVICE_FAMILY = "1,2";
			};
			name = Debug;
		};
		5BB286CD292ED3F60003E39B /* Release */ = {
			isa = XCBuildConfiguration;
			buildSettings = {
				ASSETCATALOG_COMPILER_APPICON_NAME = AppIcon;
				ASSETCATALOG_COMPILER_GLOBAL_ACCENT_COLOR_NAME = AccentColor;
				CODE_SIGN_STYLE = Automatic;
				CURRENT_PROJECT_VERSION = 1;
				DEVELOPMENT_ASSET_PATHS = "\"poop-counter/Preview Content\"";
				ENABLE_PREVIEWS = YES;
				GENERATE_INFOPLIST_FILE = YES;
				INFOPLIST_KEY_UIApplicationSceneManifest_Generation = YES;
				INFOPLIST_KEY_UIApplicationSupportsIndirectInputEvents = YES;
				INFOPLIST_KEY_UILaunchScreen_Generation = YES;
				INFOPLIST_KEY_UISupportedInterfaceOrientations_iPad = "UIInterfaceOrientationPortrait UIInterfaceOrientationPortraitUpsideDown UIInterfaceOrientationLandscapeLeft UIInterfaceOrientationLandscapeRight";
				INFOPLIST_KEY_UISupportedInterfaceOrientations_iPhone = "UIInterfaceOrientationPortrait UIInterfaceOrientationLandscapeLeft UIInterfaceOrientationLandscapeRight";
				LD_RUNPATH_SEARCH_PATHS = (
					"$(inherited)",
					"@executable_path/Frameworks",
				);
				MARKETING_VERSION = 1.0;
				PRODUCT_BUNDLE_IDENTIFIER = "ken.poop-counter";
				PRODUCT_NAME = "$(TARGET_NAME)";
				SWIFT_EMIT_LOC_STRINGS = YES;
				SWIFT_VERSION = 5.0;
				TARGETED_DEVICE_FAMILY = "1,2";
			};
			name = Release;
		};
		5BB286CF292ED3F60003E39B /* Debug */ = {
			isa = XCBuildConfiguration;
			buildSettings = {
				ALWAYS_EMBED_SWIFT_STANDARD_LIBRARIES = YES;
				BUNDLE_LOADER = "$(TEST_HOST)";
				CODE_SIGN_STYLE = Automatic;
				CURRENT_PROJECT_VERSION = 1;
				GENERATE_INFOPLIST_FILE = YES;
				IPHONEOS_DEPLOYMENT_TARGET = 16.1;
				MARKETING_VERSION = 1.0;
				PRODUCT_BUNDLE_IDENTIFIER = "ken.poop-counterTests";
				PRODUCT_NAME = "$(TARGET_NAME)";
				SWIFT_EMIT_LOC_STRINGS = NO;
				SWIFT_VERSION = 5.0;
				TARGETED_DEVICE_FAMILY = "1,2";
				TEST_HOST = "$(BUILT_PRODUCTS_DIR)/poop-counter.app/$(BUNDLE_EXECUTABLE_FOLDER_PATH)/poop-counter";
			};
			name = Debug;
		};
		5BB286D0292ED3F60003E39B /* Release */ = {
			isa = XCBuildConfiguration;
			buildSettings = {
				ALWAYS_EMBED_SWIFT_STANDARD_LIBRARIES = YES;
				BUNDLE_LOADER = "$(TEST_HOST)";
				CODE_SIGN_STYLE = Automatic;
				CURRENT_PROJECT_VERSION = 1;
				GENERATE_INFOPLIST_FILE = YES;
				IPHONEOS_DEPLOYMENT_TARGET = 16.1;
				MARKETING_VERSION = 1.0;
				PRODUCT_BUNDLE_IDENTIFIER = "ken.poop-counterTests";
				PRODUCT_NAME = "$(TARGET_NAME)";
				SWIFT_EMIT_LOC_STRINGS = NO;
				SWIFT_VERSION = 5.0;
				TARGETED_DEVICE_FAMILY = "1,2";
				TEST_HOST = "$(BUILT_PRODUCTS_DIR)/poop-counter.app/$(BUNDLE_EXECUTABLE_FOLDER_PATH)/poop-counter";
			};
			name = Release;
		};
		5BB286D2292ED3F60003E39B /* Debug */ = {
			isa = XCBuildConfiguration;
			buildSettings = {
				ALWAYS_EMBED_SWIFT_STANDARD_LIBRARIES = YES;
				CODE_SIGN_STYLE = Automatic;
				CURRENT_PROJECT_VERSION = 1;
				GENERATE_INFOPLIST_FILE = YES;
				MARKETING_VERSION = 1.0;
				PRODUCT_BUNDLE_IDENTIFIER = "ken.poop-counterUITests";
				PRODUCT_NAME = "$(TARGET_NAME)";
				SWIFT_EMIT_LOC_STRINGS = NO;
				SWIFT_VERSION = 5.0;
				TARGETED_DEVICE_FAMILY = "1,2";
				TEST_TARGET_NAME = "poop-counter";
			};
			name = Debug;
		};
		5BB286D3292ED3F60003E39B /* Release */ = {
			isa = XCBuildConfiguration;
			buildSettings = {
				ALWAYS_EMBED_SWIFT_STANDARD_LIBRARIES = YES;
				CODE_SIGN_STYLE = Automatic;
				CURRENT_PROJECT_VERSION = 1;
				GENERATE_INFOPLIST_FILE = YES;
				MARKETING_VERSION = 1.0;
				PRODUCT_BUNDLE_IDENTIFIER = "ken.poop-counterUITests";
				PRODUCT_NAME = "$(TARGET_NAME)";
				SWIFT_EMIT_LOC_STRINGS = NO;
				SWIFT_VERSION = 5.0;
				TARGETED_DEVICE_FAMILY = "1,2";
				TEST_TARGET_NAME = "poop-counter";
			};
			name = Release;
		};
/* End XCBuildConfiguration section */

/* Begin XCConfigurationList section */
		5BB286A2292ED3EF0003E39B /* Build configuration list for PBXProject "poop-counter" */ = {
			isa = XCConfigurationList;
			buildConfigurations = (
				5BB286C9292ED3F60003E39B /* Debug */,
				5BB286CA292ED3F60003E39B /* Release */,
			);
			defaultConfigurationIsVisible = 0;
			defaultConfigurationName = Release;
		};
		5BB286CB292ED3F60003E39B /* Build configuration list for PBXNativeTarget "poop-counter" */ = {
			isa = XCConfigurationList;
			buildConfigurations = (
				5BB286CC292ED3F60003E39B /* Debug */,
				5BB286CD292ED3F60003E39B /* Release */,
			);
			defaultConfigurationIsVisible = 0;
			defaultConfigurationName = Release;
		};
		5BB286CE292ED3F60003E39B /* Build configuration list for PBXNativeTarget "poop-counterTests" */ = {
			isa = XCConfigurationList;
			buildConfigurations = (
				5BB286CF292ED3F60003E39B /* Debug */,
				5BB286D0292ED3F60003E39B /* Release */,
			);
			defaultConfigurationIsVisible = 0;
			defaultConfigurationName = Release;
		};
		5BB286D1292ED3F60003E39B /* Build configuration list for PBXNativeTarget "poop-counterUITests" */ = {
			isa = XCConfigurationList;
			buildConfigurations = (
				5BB286D2292ED3F60003E39B /* Debug */,
				5BB286D3292ED3F60003E39B /* Release */,
			);
			defaultConfigurationIsVisible = 0;
			defaultConfigurationName = Release;
		};
/* End XCConfigurationList section */
	};
	rootObject = 5BB2869F292ED3EF0003E39B /* Project object */;
}
